{
  "name": "Sync Learn",
  "lockfileVersion": 3,
  "requires": true,
  "packages": {
    "": {
      "dependencies": {
        "@clerk/clerk-react": "^5.61.9",
        "clerk": "^3.3.0"
      }
    },
    "node_modules/@clerk/clerk-react": {
      "version": "5.61.9",
      "resolved": "https://registry.npmjs.org/@clerk/clerk-react/-/clerk-react-5.61.9.tgz",
      "integrity": "sha512-PRIodE1QVem/eV3wrjicJJiJ2pkGiZfI6t1vekE/+04cIHciXyvUezQ/468gGPl31xd7BiCNO3uKNM14TXEKZQ==",
      "license": "MIT",
      "dependencies": {
        "@clerk/shared": "^3.47.8",
        "tslib": "2.8.1"
      },
      "engines": {
        "node": ">=18.17.0"
      },
      "peerDependencies": {
        "react": "^18.0.0 || ~19.0.3 || ~19.1.4 || ~19.2.3 || ~19.3.0-0",
        "react-dom": "^18.0.0 || ~19.0.3 || ~19.1.4 || ~19.2.3 || ~19.3.0-0"
      }
    },
    "node_modules/@clerk/cli-darwin-arm64": {
      "version": "3.3.0",
      "resolved": "https://registry.npmjs.org/@clerk/cli-darwin-arm64/-/cli-darwin-arm64-3.3.0.tgz",
      "integrity": "sha512-Ad3rGTf+MWDEyR88QdI8ya2/tlq7xWstCIXYnWLA6JHIj5Jg/XHXNyO6FH++fxfoSqn4iK96wIe0lXks0pK19w==",
      "cpu": [
        "arm64"
      ],
      "license": "MIT",
      "optional": true,
      "os": [
        "darwin"
      ]
    },
    "node_modules/@clerk/cli-darwin-x64": {
      "version": "3.3.0",
      "resolved": "https://registry.npmjs.org/@clerk/cli-darwin-x64/-/cli-darwin-x64-3.3.0.tgz",
      "integrity": "sha512-8Df0jaynZqglp47HgGyL7jqPT7gV+NnErQ9fZfGhUYSj0nDPs53nVitMovNd405chqi5Eh/nHAA1VnpdJTyZ/A==",
      "cpu": [
        "x64"
      ],
      "license": "MIT",
      "optional": true,
      "os": [
        "darwin"
      ]
    },
    "node_modules/@clerk/cli-linux-arm64": {
      "version": "3.3.0",
      "resolved": "https://registry.npmjs.org/@clerk/cli-linux-arm64/-/cli-linux-arm64-3.3.0.tgz",
      "integrity": "sha512-zkmwxb3pC1vnXoqxV+OePWcenz5WkthS5OSixREXl/e8hV3PjWriEL+DOQC0rmIPqRpstMkPMaSWVKr4WrJ43g==",
      "cpu": [
        "arm64"
      ],
      "license": "MIT",
      "optional": true,
      "os": [
        "linux"
      ]
    },
    "node_modules/@clerk/cli-linux-arm64-musl": {
      "version": "3.3.0",
      "resolved": "https://registry.npmjs.org/@clerk/cli-linux-arm64-musl/-/cli-linux-arm64-musl-3.3.0.tgz",
      "integrity": "sha512-repSsRtqXfMl3Kh8A69+54zRGdbj/++D8jE2YHslUmJvHjkXhIxwix46rrLPWPxBOvrYIKxMXsbWvW8ZS8qXnQ==",
      "cpu": [
        "arm64"
      ],
      "license": "MIT",
      "optional": true,
      "os": [
        "linux"
      ]
    },
    "node_modules/@clerk/cli-linux-x64": {
      "version": "3.3.0",
      "resolved": "https://registry.npmjs.org/@clerk/cli-linux-x64/-/cli-linux-x64-3.3.0.tgz",
      "integrity": "sha512-pR1vLk/SKH2qdYeaE71mUGg4zUPIAiRiPvz9stx9IvxKP1lwkvLkCpg94G+Vkm+vVKbBSdG+Kvl8Km2Z3j0iyQ==",
      "cpu": [
        "x64"
      ],
      "license": "MIT",
      "optional": true,
      "os": [
        "linux"
      ]
    },
    "node_modules/@clerk/cli-linux-x64-musl": {
      "version": "3.3.0",
      "resolved": "https://registry.npmjs.org/@clerk/cli-linux-x64-musl/-/cli-linux-x64-musl-3.3.0.tgz",
      "integrity": "sha512-iZ5+4nXtbzxOgMCN+1JpRnY1/KlsRiPX2MxqTBpPHToXB+gLRSQtYOMmHwwwemu1TN03yWfbQ8KcAATx/jgNPA==",
      "cpu": [
        "x64"
      ],
      "license": "MIT",
      "optional": true,
      "os": [
        "linux"
      ]
    },
    "node_modules/@clerk/cli-win32-arm64": {
      "version": "3.3.0",
      "resolved": "https://registry.npmjs.org/@clerk/cli-win32-arm64/-/cli-win32-arm64-3.3.0.tgz",
      "integrity": "sha512-5TcCxnCyEvP6CL2YLz/N2Ll63obGuNDNCCeURmhA107H+H/WmFw6/WjLF76Z93vh3Z3/9ufQwtkTcIAkD0RKXQ==",
      "cpu": [
        "arm64"
      ],
      "license": "MIT",
      "optional": true,
      "os": [
        "win32"
      ]
    },
    "node_modules/@clerk/cli-win32-x64": {
      "version": "3.3.0",
      "resolved": "https://registry.npmjs.org/@clerk/cli-win32-x64/-/cli-win32-x64-3.3.0.tgz",
      "integrity": "sha512-5MosmWyNIM7Z+GB0Uf3xDMEQaG8p+sK84a1TJbtptqSf0Q56EA6tU6f7ikm76dDoAtc3GXpFcVvn1l5Ctvb2dA==",
      "cpu": [
        "x64"
      ],
      "license": "MIT",
      "optional": true,
      "os": [
        "win32"
      ]
    },
    "node_modules/@clerk/shared": {
      "version": "3.47.8",
      "resolved": "https://registry.npmjs.org/@clerk/shared/-/shared-3.47.8.tgz",
      "integrity": "sha512-cPURU1it/Eal4uXO9SOcHzw9sfE6Opi21W8EJUg+Ri80Q6JKtK8qBmyOpIyqgf09EanexhTzS4xrmYlvn2p7Iw==",
      "hasInstallScript": true,
      "license": "MIT",
      "dependencies": {
        "csstype": "3.1.3",
        "dequal": "2.0.3",
        "glob-to-regexp": "0.4.1",
        "js-cookie": "3.0.7",
        "std-env": "^3.9.0",
        "swr": "2.3.4"
      },
      "engines": {
        "node": ">=18.17.0"
      },
      "peerDependencies": {
        "react": "^18.0.0 || ~19.0.3 || ~19.1.4 || ~19.2.3 || ~19.3.0-0",
        "react-dom": "^18.0.0 || ~19.0.3 || ~19.1.4 || ~19.2.3 || ~19.3.0-0"
      },
      "peerDependenciesMeta": {
        "react": {
          "optional": true
        },
        "react-dom": {
          "optional": true
        }
      }
    },
    "node_modules/clerk": {
      "version": "3.3.0",
      "resolved": "https://registry.npmjs.org/clerk/-/clerk-3.3.0.tgz",
      "integrity": "sha512-v0CfbjGhuv/4HT+2mvRpDvDg+kfJYlo45+2xunfx93S96p2c1KGXrI/mNP6ISws5b6O3FEZFfrCTX6XZLoweQA==",
      "license": "MIT",
      "bin": {
        "clerk": "bin/clerk"
      },
      "engines": {
        "node": ">=20.0.0"
      },
      "optionalDependencies": {
        "@clerk/cli-darwin-arm64": "3.3.0",
        "@clerk/cli-darwin-x64": "3.3.0",
        "@clerk/cli-linux-arm64": "3.3.0",
        "@clerk/cli-linux-arm64-musl": "3.3.0",
        "@clerk/cli-linux-x64": "3.3.0",
        "@clerk/cli-linux-x64-musl": "3.3.0",
        "@clerk/cli-win32-arm64": "3.3.0",
        "@clerk/cli-win32-x64": "3.3.0"
      }
    },
    "node_modules/csstype": {
      "version": "3.1.3",
      "resolved": "https://registry.npmjs.org/csstype/-/csstype-3.1.3.tgz",
      "integrity": "sha512-M1uQkMl8rQK/szD0LNhtqxIPLpimGm8sOBwU7lLnCpSbTyY3yeU1Vc7l4KT5zT4s/yOxHH5O7tIuuLOCnLADRw==",
      "license": "MIT"
    },
    "node_modules/dequal": {
      "version": "2.0.3",
      "resolved": "https://registry.npmjs.org/dequal/-/dequal-2.0.3.tgz",
      "integrity": "sha512-0je+qPKHEMohvfRTCEo3CrPG6cAzAYgmzKyxRiYSSDkS6eGJdyVJm7WaYA5ECaAD9wLB2T4EEeymA5aFVcYXCA==",
      "license": "MIT",
      "engines": {
        "node": ">=6"
      }
    },
    "node_modules/glob-to-regexp": {
      "version": "0.4.1",
      "resolved": "https://registry.npmjs.org/glob-to-regexp/-/glob-to-regexp-0.4.1.tgz",
      "integrity": "sha512-lkX1HJXwyMcprw/5YUZc2s7DrpAiHB21/V+E1rHUrVNokkvB6bqMzT0VfV6/86ZNabt1k14YOIaT7nDvOX3Iiw==",
      "license": "BSD-2-Clause"
    },
    "node_modules/js-cookie": {
      "version": "3.0.7",
      "resolved": "https://registry.npmjs.org/js-cookie/-/js-cookie-3.0.7.tgz",
      "integrity": "sha512-z/wZZgDrkNV1eA0ULjM/F9/50Ya8fbzgKneSpoPsXSGd0KnpdtHfOZWK+GcwLk+EZbS4F9RBhU+K2RgzuDaItw==",
      "license": "MIT",
      "engines": {
        "node": ">=20"
      }
    },
    "node_modules/react": {
      "version": "19.3.0",
      "resolved": "https://registry.npmjs.org/react/-/react-19.3.0.tgz",
      "integrity": "sha512-E8LUcbtBWt20bbl2YoHfx4ZDBdxVTfOKtCZn9cDSJ4l6/nuoApcpIBcj47t2wZoVX8g2ZHuMHbiShgCR1T5Sog==",
      "license": "MIT",
      "peer": true,
      "engines": {
        "node": ">=0.10.0"
      }
    },
    "node_modules/react-dom": {
      "version": "19.3.0",
      "resolved": "https://registry.npmjs.org/react-dom/-/react-dom-19.3.0.tgz",
      "integrity": "sha512-JDk8dgif51OjFoDE70+OT9ICyYr+69HlmihNwp1+Nsfbna3t5sIiCa9ZJktDmQ4/1b/rn26hIAR2uYXDMr5r0Q==",
      "license": "MIT",
      "peer": true,
      "dependencies": {
        "scheduler": "^0.28.0"
      },
      "peerDependencies": {
        "react": "^19.3.0"
      }
    },
    "node_modules/scheduler": {
      "version": "0.28.0",
      "resolved": "https://registry.npmjs.org/scheduler/-/scheduler-0.28.0.tgz",
      "integrity": "sha512-juorfCmIkIw8tT+p5BXSm6PJjQF/ycEYmKyzURCIt/RaZIhL+PulbQ9Yu2z1HdOJDdqDTlxA1+xKBmHXJsczAw==",
      "license": "MIT",
      "peer": true
    },
    "node_modules/std-env": {
      "version": "3.10.0",
      "resolved": "https://registry.npmjs.org/std-env/-/std-env-3.10.0.tgz",
      "integrity": "sha512-5GS12FdOZNliM5mAOxFRg7Ir0pWz8MdpYm6AY6VPkGpbA7ZzmbzNcBJQ0GPvvyWgcY7QAhCgf9Uy89I03faLkg==",
      "license": "MIT"
    },
    "node_modules/swr": {
      "version": "2.3.4",
      "resolved": "https://registry.npmjs.org/swr/-/swr-2.3.4.tgz",
      "integrity": "sha512-bYd2lrhc+VarcpkgWclcUi92wYCpOgMws9Sd1hG1ntAu0NEy+14CbotuFjshBU2kt9rYj9TSmDcybpxpeTU1fg==",
      "license": "MIT",
      "dependencies": {
        "dequal": "^2.0.3",
        "use-sync-external-store": "^1.4.0"
      },
      "peerDependencies": {
        "react": "^16.11.0 || ^17.0.0 || ^18.0.0 || ^19.0.0"
      }
    },
    "node_modules/tslib": {
      "version": "2.8.1",
      "resolved": "https://registry.npmjs.org/tslib/-/tslib-2.8.1.tgz",
      "integrity": "sha512-oJFu94HQb+KVduSUQL7wnpmqnfmLsOA/nAh6b6EH0wCEoK0/mPeXU6c3wKDV83MkOuHPRHtSXKKU99IBazS/2w==",
      "license": "0BSD"
    },
    "node_modules/use-sync-external-store": {
      "version": "1.7.0",
      "resolved": "https://registry.npmjs.org/use-sync-external-store/-/use-sync-external-store-1.7.0.tgz",
      "integrity": "sha512-6L+EeigHMQhdaIPNIFUKwfWJSwWFQ8gJbJ2DLOs5sDIegTwR9fRxvnM3uciHKjIZhFz+KAv2emhWMRvDmMcY8A==",
      "license": "MIT",
      "peerDependencies": {
        "react": "^16.8.0 || ^17.0.0 || ^18.0.0 || ^19.0.0"
      }
    }
  }
}
